// !$*UTF8*$!
{
	archiveVersion = 1;
	classes = {
	};
	objectVersion = 46;
	objects = {

/* Begin PBXBuildFile section */
		3C83029819B9FD450078558B /* ColorMapView.h in Headers */ = {isa = PBXBuildFile; fileRef = 3C83029719B9FD450078558B /* ColorMapView.h */; settings = {ATTRIBUTES = (Public, ); }; };
		3C8302AC19B9FD5F0078558B /* ColorMapView.m in Sources */ = {isa = PBXBuildFile; fileRef = 3C8302AB19B9FD5F0078558B /* ColorMapView.m */; };
		3C8302AF19B9FDFB0078558B /* colorMap.png in Resources */ = {isa = PBXBuildFile; fileRef = 3C8302AE19B9FDFB0078558B /* colorMap.png */; };
		3C8302B219B9FE710078558B /* UIImage+ColorMapView.h in Headers */ = {isa = PBXBuildFile; fileRef = 3C8302B019B9FE710078558B /* UIImage+ColorMapView.h */; };
		3C8302B319B9FE710078558B /* UIImage+ColorMapView.m in Sources */ = {isa = PBXBuildFile; fileRef = 3C8302B119B9FE710078558B /* UIImage+ColorMapView.m */; };
		3C8302BD19B9FEEB0078558B /* main.m in Sources */ = {isa = PBXBuildFile; fileRef = 3C8302BC19B9FEEB0078558B /* main.m */; };
		3C8302C019B9FEEB0078558B /* AppDelegate.m in Sources */ = {isa = PBXBuildFile; fileRef = 3C8302BF19B9FEEB0078558B /* AppDelegate.m */; };
		3C8302C319B9FEEB0078558B /* ViewController.m in Sources */ = {isa = PBXBuildFile; fileRef = 3C8302C219B9FEEB0078558B /* ViewController.m */; };
		3C8302C619B9FEEB0078558B /* Main.storyboard in Resources */ = {isa = PBXBuildFile; fileRef = 3C8302C419B9FEEB0078558B /* Main.storyboard */; };
		3C8302C819B9FEEB0078558B /* Images.xcassets in Resources */ = {isa = PBXBuildFile; fileRef = 3C8302C719B9FEEB0078558B /* Images.xcassets */; };
		3C8302DD19BA025A0078558B /* ColorMapView.framework in Frameworks */ = {isa = PBXBuildFile; fileRef = 3C83029219B9FD450078558B /* ColorMapView.framework */; };
		3C8302DF19BA03AC0078558B /* ColorMapViewSpec.m in Sources */ = {isa = PBXBuildFile; fileRef = 3C8302DE19BA03AC0078558B /* ColorMapViewSpec.m */; };
		3CF88F241A03536D00369E79 /* ColorMapView.framework in Frameworks */ = {isa = PBXBuildFile; fileRef = 3C83029219B9FD450078558B /* ColorMapView.framework */; };
		7517B09D3F524E4D97B13408 /* libPods-ColorMapViewTests.a in Frameworks */ = {isa = PBXBuildFile; fileRef = D922CDA0F4BA4D6987FC85CB /* libPods-ColorMapViewTests.a */; };
/* End PBXBuildFile section */

/* Begin PBXContainerItemProxy section */
		3C8302DB19BA02560078558B /* PBXContainerItemProxy */ = {
			isa = PBXContainerItemProxy;
			containerPortal = 3C83028919B9FD450078558B /* Project object */;
			proxyType = 1;
			remoteGlobalIDString = 3C83029119B9FD450078558B;
			remoteInfo = ColorMapView;
		};
		3CF88F221A034EF300369E79 /* PBXContainerItemProxy */ = {
			isa = PBXContainerItemProxy;
			containerPortal = 3C83028919B9FD450078558B /* Project object */;
			proxyType = 1;
			remoteGlobalIDString = 3C83029119B9FD450078558B;
			remoteInfo = ColorMapView;
		};
/* End PBXContainerItemProxy section */

/* Begin PBXFileReference section */
		1D9B085103D8948ED47F4263 /* Pods-ColorMapViewTests.release.xcconfig */ = {isa = PBXFileReference; includeInIndex = 1; lastKnownFileType = text.xcconfig; name = "Pods-ColorMapViewTests.release.xcconfig"; path = "Pods/Target Support Files/Pods-ColorMapViewTests/Pods-ColorMapViewTests.release.xcconfig"; sourceTree = "<group>"; };
		3C83029219B9FD450078558B /* ColorMapView.framework */ = {isa = PBXFileReference; explicitFileType = wrapper.framework; includeInIndex = 0; path = ColorMapView.framework; sourceTree = BUILT_PRODUCTS_DIR; };
		3C83029619B9FD450078558B /* Info.plist */ = {isa = PBXFileReference; lastKnownFileType = text.plist.xml; path = Info.plist; sourceTree = "<group>"; };
		3C83029719B9FD450078558B /* ColorMapView.h */ = {isa = PBXFileReference; lastKnownFileType = sourcecode.c.h; path = ColorMapView.h; sourceTree = "<group>"; };
		3C83029D19B9FD450078558B /* ColorMapViewTests.xctest */ = {isa = PBXFileReference; explicitFileType = wrapper.cfbundle; includeInIndex = 0; path = ColorMapViewTests.xctest; sourceTree = BUILT_PRODUCTS_DIR; };
		3C8302A019B9FD450078558B /* Info.plist */ = {isa = PBXFileReference; lastKnownFileType = text.plist.xml; path = Info.plist; sourceTree = "<group>"; };
		3C8302AB19B9FD5F0078558B /* ColorMapView.m */ = {isa = PBXFileReference; fileEncoding = 4; lastKnownFileType = sourcecode.c.objc; path = ColorMapView.m; sourceTree = "<group>"; };
		3C8302AE19B9FDFB0078558B /* colorMap.png */ = {isa = PBXFileReference; lastKnownFileType = image.png; path = colorMap.png; sourceTree = "<group>"; };
		3C8302B019B9FE710078558B /* UIImage+ColorMapView.h */ = {isa = PBXFileReference; fileEncoding = 4; lastKnownFileType = sourcecode.c.h; path = "UIImage+ColorMapView.h"; sourceTree = "<group>"; };
		3C8302B119B9FE710078558B /* UIImage+ColorMapView.m */ = {isa = PBXFileReference; fileEncoding = 4; lastKnownFileType = sourcecode.c.objc; path = "UIImage+ColorMapView.m"; sourceTree = "<group>"; };
		3C8302B819B9FEEB0078558B /* ColorMapExample.app */ = {isa = PBXFileReference; explicitFileType = wrapper.application; includeInIndex = 0; path = ColorMapExample.app; sourceTree = BUILT_PRODUCTS_DIR; };
		3C8302BB19B9FEEB0078558B /* Info.plist */ = {isa = PBXFileReference; lastKnownFileType = text.plist.xml; path = Info.plist; sourceTree = "<group>"; };
		3C8302BC19B9FEEB0078558B /* main.m */ = {isa = PBXFileReference; lastKnownFileType = sourcecode.c.objc; path = main.m; sourceTree = "<group>"; };
		3C8302BE19B9FEEB0078558B /* AppDelegate.h */ = {isa = PBXFileReference; lastKnownFileType = sourcecode.c.h; path = AppDelegate.h; sourceTree = "<group>"; };
		3C8302BF19B9FEEB0078558B /* AppDelegate.m */ = {isa = PBXFileReference; lastKnownFileType = sourcecode.c.objc; path = AppDelegate.m; sourceTree = "<group>"; };
		3C8302C119B9FEEB0078558B /* ViewController.h */ = {isa = PBXFileReference; lastKnownFileType = sourcecode.c.h; path = ViewController.h; sourceTree = "<group>"; };
		3C8302C219B9FEEB0078558B /* ViewController.m */ = {isa = PBXFileReference; lastKnownFileType = sourcecode.c.objc; path = ViewController.m; sourceTree = "<group>"; };
		3C8302C519B9FEEB0078558B /* Base */ = {isa = PBXFileReference; lastKnownFileType = file.storyboard; name = Base; path = Base.lproj/Main.storyboard; sourceTree = "<group>"; };
		3C8302C719B9FEEB0078558B /* Images.xcassets */ = {isa = PBXFileReference; lastKnownFileType = folder.assetcatalog; path = Images.xcassets; sourceTree = "<group>"; };
		3C8302DE19BA03AC0078558B /* ColorMapViewSpec.m */ = {isa = PBXFileReference; fileEncoding = 4; lastKnownFileType = sourcecode.c.objc; path = ColorMapViewSpec.m; sourceTree = "<group>"; };
		5F273D85F107422540330531 /* Pods-ColorMapViewTests.debug.xcconfig */ = {isa = PBXFileReference; includeInIndex = 1; lastKnownFileType = text.xcconfig; name = "Pods-ColorMapViewTests.debug.xcconfig"; path = "Pods/Target Support Files/Pods-ColorMapViewTests/Pods-ColorMapViewTests.debug.xcconfig"; sourceTree = "<group>"; };
		D922CDA0F4BA4D6987FC85CB /* libPods-ColorMapViewTests.a */ = {isa = PBXFileReference; explicitFileType = archive.ar; includeInIndex = 0; path = "libPods-ColorMapViewTests.a"; sourceTree = BUILT_PRODUCTS_DIR; };
/* End PBXFileReference section */

/* Begin PBXFrameworksBuildPhase section */
		3C83028E19B9FD450078558B /* Frameworks */ = {
			isa = PBXFrameworksBuildPhase;
			buildActionMask = 2147483647;
			files = (
			);
			runOnlyForDeploymentPostprocessing = 0;
		};
		3C83029A19B9FD450078558B /* Frameworks */ = {
			isa = PBXFrameworksBuildPhase;
			buildActionMask = 2147483647;
			files = (
				3CF88F241A03536D00369E79 /* ColorMapView.framework in Frameworks */,
				7517B09D3F524E4D97B13408 /* libPods-ColorMapViewTests.a in Frameworks */,
			);
			runOnlyForDeploymentPostprocessing = 0;
		};
		3C8302B519B9FEEB0078558B /* Frameworks */ = {
			isa = PBXFrameworksBuildPhase;
			buildActionMask = 2147483647;
			files = (
				3C8302DD19BA025A0078558B /* ColorMapView.framework in Frameworks */,
			);
			runOnlyForDeploymentPostprocessing = 0;
		};
/* End PBXFrameworksBuildPhase section */

/* Begin PBXGroup section */
		11B262CAB258A49993C5B705 /* Pods */ = {
			isa = PBXGroup;
			children = (
				5F273D85F107422540330531 /* Pods-ColorMapViewTests.debug.xcconfig */,
				1D9B085103D8948ED47F4263 /* Pods-ColorMapViewTests.release.xcconfig */,
			);
			name = Pods;
			sourceTree = "<group>";
		};
		3C83028819B9FD450078558B = {
			isa = PBXGroup;
			children = (
				3C8302AD19B9FDFB0078558B /* Assets */,
				3C83029419B9FD450078558B /* ColorMapView */,
				3C83029E19B9FD450078558B /* ColorMapViewTests */,
				3C8302B919B9FEEB0078558B /* ColorMapExample */,
				3C83029319B9FD450078558B /* Products */,
				D8A797A72B6F41BC99BEDABB /* Frameworks */,
				11B262CAB258A49993C5B705 /* Pods */,
			);
			sourceTree = "<group>";
		};
		3C83029319B9FD450078558B /* Products */ = {
			isa = PBXGroup;
			children = (
				3C83029219B9FD450078558B /* ColorMapView.framework */,
				3C83029D19B9FD450078558B /* ColorMapViewTests.xctest */,
				3C8302B819B9FEEB0078558B /* ColorMapExample.app */,
			);
			name = Products;
			sourceTree = "<group>";
		};
		3C83029419B9FD450078558B /* ColorMapView */ = {
			isa = PBXGroup;
			children = (
				3C83029719B9FD450078558B /* ColorMapView.h */,
				3C8302AB19B9FD5F0078558B /* ColorMapView.m */,
				3C8302B019B9FE710078558B /* UIImage+ColorMapView.h */,
				3C8302B119B9FE710078558B /* UIImage+ColorMapView.m */,
				3C83029519B9FD450078558B /* Supporting Files */,
			);
			path = ColorMapView;
			sourceTree = "<group>";
		};
		3C83029519B9FD450078558B /* Supporting Files */ = {
			isa = PBXGroup;
			children = (
				3C83029619B9FD450078558B /* Info.plist */,
			);
			name = "Supporting Files";
			sourceTree = "<group>";
		};
		3C83029E19B9FD450078558B /* ColorMapViewTests */ = {
			isa = PBXGroup;
			children = (
				3C8302DE19BA03AC0078558B /* ColorMapViewSpec.m */,
				3C83029F19B9FD450078558B /* Supporting Files */,
			);
			path = ColorMapViewTests;
			sourceTree = "<group>";
		};
		3C83029F19B9FD450078558B /* Supporting Files */ = {
			isa = PBXGroup;
			children = (
				3C8302A019B9FD450078558B /* Info.plist */,
			);
			name = "Supporting Files";
			sourceTree = "<group>";
		};
		3C8302AD19B9FDFB0078558B /* Assets */ = {
			isa = PBXGroup;
			children = (
				3C8302AE19B9FDFB0078558B /* colorMap.png */,
			);
			path = Assets;
			sourceTree = "<group>";
		};
		3C8302B919B9FEEB0078558B /* ColorMapExample */ = {
			isa = PBXGroup;
			children = (
				3C8302BE19B9FEEB0078558B /* AppDelegate.h */,
				3C8302BF19B9FEEB0078558B /* AppDelegate.m */,
				3C8302C119B9FEEB0078558B /* ViewController.h */,
				3C8302C219B9FEEB0078558B /* ViewController.m */,
				3C8302C419B9FEEB0078558B /* Main.storyboard */,
				3C8302C719B9FEEB0078558B /* Images.xcassets */,
				3C8302BA19B9FEEB0078558B /* Supporting Files */,
			);
			path = ColorMapExample;
			sourceTree = "<group>";
		};
		3C8302BA19B9FEEB0078558B /* Supporting Files */ = {
			isa = PBXGroup;
			children = (
				3C8302BB19B9FEEB0078558B /* Info.plist */,
				3C8302BC19B9FEEB0078558B /* main.m */,
			);
			name = "Supporting Files";
			sourceTree = "<group>";
		};
		D8A797A72B6F41BC99BEDABB /* Frameworks */ = {
			isa = PBXGroup;
			children = (
				D922CDA0F4BA4D6987FC85CB /* libPods-ColorMapViewTests.a */,
			);
			name = Frameworks;
			sourceTree = "<group>";
		};
/* End PBXGroup section */

/* Begin PBXHeadersBuildPhase section */
		3C83028F19B9FD450078558B /* Headers */ = {
			isa = PBXHeadersBuildPhase;
			buildActionMask = 2147483647;
			files = (
				3C8302B219B9FE710078558B /* UIImage+ColorMapView.h in Headers */,
				3C83029819B9FD450078558B /* ColorMapView.h in Headers */,
			);
			runOnlyForDeploymentPostprocessing = 0;
		};
/* End PBXHeadersBuildPhase section */

/* Begin PBXNativeTarget section */
		3C83029119B9FD450078558B /* ColorMapView */ = {
			isa = PBXNativeTarget;
			buildConfigurationList = 3C8302A519B9FD450078558B /* Build configuration list for PBXNativeTarget "ColorMapView" */;
			buildPhases = (
				3C83028D19B9FD450078558B /* Sources */,
				3C83028E19B9FD450078558B /* Frameworks */,
				3C83028F19B9FD450078558B /* Headers */,
				3C83029019B9FD450078558B /* Resources */,
			);
			buildRules = (
			);
			dependencies = (
			);
			name = ColorMapView;
			productName = ColorMapView;
			productReference = 3C83029219B9FD450078558B /* ColorMapView.framework */;
			productType = "com.apple.product-type.framework";
		};
		3C83029C19B9FD450078558B /* ColorMapViewTests */ = {
			isa = PBXNativeTarget;
			buildConfigurationList = 3C8302A819B9FD450078558B /* Build configuration list for PBXNativeTarget "ColorMapViewTests" */;
			buildPhases = (
				0175DBDC18D348CEA859E719 /* Check Pods Manifest.lock */,
				3C83029919B9FD450078558B /* Sources */,
				3C83029A19B9FD450078558B /* Frameworks */,
				3C83029B19B9FD450078558B /* Resources */,
				FD8346395ADB41439578A47D /* Copy Pods Resources */,
			);
			buildRules = (
			);
			dependencies = (
				3CF88F231A034EF300369E79 /* PBXTargetDependency */,
			);
			name = ColorMapViewTests;
			productName = ColorMapViewTests;
			productReference = 3C83029D19B9FD450078558B /* ColorMapViewTests.xctest */;
			productType = "com.apple.product-type.bundle.unit-test";
		};
		3C8302B719B9FEEB0078558B /* ColorMapExample */ = {
			isa = PBXNativeTarget;
			buildConfigurationList = 3C8302D519B9FEEB0078558B /* Build configuration list for PBXNativeTarget "ColorMapExample" */;
			buildPhases = (
				3C8302B419B9FEEB0078558B /* Sources */,
				3C8302B519B9FEEB0078558B /* Frameworks */,
				3C8302B619B9FEEB0078558B /* Resources */,
			);
			buildRules = (
			);
			dependencies = (
				3C8302DC19BA02560078558B /* PBXTargetDependency */,
			);
			name = ColorMapExample;
			productName = ColorMapExample;
			productReference = 3C8302B819B9FEEB0078558B /* ColorMapExample.app */;
			productType = "com.apple.product-type.application";
		};
/* End PBXNativeTarget section */

/* Begin PBXProject section */
		3C83028919B9FD450078558B /* Project object */ = {
			isa = PBXProject;
			attributes = {
				LastUpgradeCheck = 0600;
				ORGANIZATIONNAME = Adorkable;
				TargetAttributes = {
					3C83029119B9FD450078558B = {
						CreatedOnToolsVersion = 6.0;
					};
					3C83029C19B9FD450078558B = {
						CreatedOnToolsVersion = 6.0;
					};
					3C8302B719B9FEEB0078558B = {
						CreatedOnToolsVersion = 6.0;
					};
				};
			};
			buildConfigurationList = 3C83028C19B9FD450078558B /* Build configuration list for PBXProject "ColorMapView" */;
			compatibilityVersion = "Xcode 3.2";
			developmentRegion = English;
			hasScannedForEncodings = 0;
			knownRegions = (
				en,
				Base,
			);
			mainGroup = 3C83028819B9FD450078558B;
			productRefGroup = 3C83029319B9FD450078558B /* Products */;
			projectDirPath = "";
			projectRoot = "";
			targets = (
				3C83029119B9FD450078558B /* ColorMapView */,
				3C83029C19B9FD450078558B /* ColorMapViewTests */,
				3C8302B719B9FEEB0078558B /* ColorMapExample */,
			);
		};
/* End PBXProject section */

/* Begin PBXResourcesBuildPhase section */
		3C83029019B9FD450078558B /* Resources */ = {
			isa = PBXResourcesBuildPhase;
			buildActionMask = 2147483647;
			files = (
				3C8302AF19B9FDFB0078558B /* colorMap.png in Resources */,
			);
			runOnlyForDeploymentPostprocessing = 0;
		};
		3C83029B19B9FD450078558B /* Resources */ = {
			isa = PBXResourcesBuildPhase;
			buildActionMask = 2147483647;
			files = (
			);
			runOnlyForDeploymentPostprocessing = 0;
		};
		3C8302B619B9FEEB0078558B /* Resources */ = {
			isa = PBXResourcesBuildPhase;
			buildActionMask = 2147483647;
			files = (
				3C8302C619B9FEEB0078558B /* Main.storyboard in Resources */,
				3C8302C819B9FEEB0078558B /* Images.xcassets in Resources */,
			);
			runOnlyForDeploymentPostprocessing = 0;
		};
/* End PBXResourcesBuildPhase section */

/* Begin PBXShellScriptBuildPhase section */
		0175DBDC18D348CEA859E719 /* Check Pods Manifest.lock */ = {
			isa = PBXShellScriptBuildPhase;
			buildActionMask = 2147483647;
			files = (
			);
			inputPaths = (
			);
			name = "Check Pods Manifest.lock";
			outputPaths = (
			);
			runOnlyForDeploymentPostprocessing = 0;
			shellPath = /bin/sh;
			shellScript = "diff \"${PODS_ROOT}/../Podfile.lock\" \"${PODS_ROOT}/Manifest.lock\" > /dev/null\nif [[ $? != 0 ]] ; then\n    cat << EOM\nerror: The sandbox is not in sync with the Podfile.lock. Run 'pod install' or update your CocoaPods installation.\nEOM\n    exit 1\nfi\n";
			showEnvVarsInLog = 0;
		};
		FD8346395ADB41439578A47D /* Copy Pods Resources */ = {
			isa = PBXShellScriptBuildPhase;
			buildActionMask = 2147483647;
			files = (
			);
			inputPaths = (
			);
			name = "Copy Pods Resources";
			outputPaths = (
			);
			runOnlyForDeploymentPostprocessing = 0;
			shellPath = /bin/sh;
			shellScript = "\"${SRCROOT}/Pods/Target Support Files/Pods-ColorMapViewTests/Pods-ColorMapViewTests-resources.sh\"\n";
			showEnvVarsInLog = 0;
		};
/* End PBXShellScriptBuildPhase section */

/* Begin PBXSourcesBuildPhase section */
		3C83028D19B9FD450078558B /* Sources */ = {
			isa = PBXSourcesBuildPhase;
			buildActionMask = 2147483647;
			files = (
				3C8302AC19B9FD5F0078558B /* ColorMapView.m in Sources */,
				3C8302B319B9FE710078558B /* UIImage+ColorMapView.m in Sources */,
			);
			runOnlyForDeploymentPostprocessing = 0;
		};
		3C83029919B9FD450078558B /* Sources */ = {
			isa = PBXSourcesBuildPhase;
			buildActionMask = 2147483647;
			files = (
				3C8302DF19BA03AC0078558B /* ColorMapViewSpec.m in Sources */,
			);
			runOnlyForDeploymentPostprocessing = 0;
		};
		3C8302B419B9FEEB0078558B /* Sources */ = {
			isa = PBXSourcesBuildPhase;
			buildActionMask = 2147483647;
			files = (
				3C8302C319B9FEEB0078558B /* ViewController.m in Sources */,
				3C8302C019B9FEEB0078558B /* AppDelegate.m in Sources */,
				3C8302BD19B9FEEB0078558B /* main.m in Sources */,
			);
			runOnlyForDeploymentPostprocessing = 0;
		};
/* End PBXSourcesBuildPhase section */

/* Begin PBXTargetDependency section */
		3C8302DC19BA02560078558B /* PBXTargetDependency */ = {
			isa = PBXTargetDependency;
			target = 3C83029119B9FD450078558B /* ColorMapView */;
			targetProxy = 3C8302DB19BA02560078558B /* PBXContainerItemProxy */;
		};
		3CF88F231A034EF300369E79 /* PBXTargetDependency */ = {
			isa = PBXTargetDependency;
			target = 3C83029119B9FD450078558B /* ColorMapView */;
			targetProxy = 3CF88F221A034EF300369E79 /* PBXContainerItemProxy */;
		};
/* End PBXTargetDependency section */

/* Begin PBXVariantGroup section */
		3C8302C419B9FEEB0078558B /* Main.storyboard */ = {
			isa = PBXVariantGroup;
			children = (
				3C8302C519B9FEEB0078558B /* Base */,
			);
			name = Main.storyboard;
			sourceTree = "<group>";
		};
/* End PBXVariantGroup section */

/* Begin XCBuildConfiguration section */
		3C8302A319B9FD450078558B /* Debug */ = {
			isa = XCBuildConfiguration;
			buildSettings = {
				ALWAYS_SEARCH_USER_PATHS = NO;
				CLANG_CXX_LANGUAGE_STANDARD = "gnu++0x";
				CLANG_CXX_LIBRARY = "libc++";
				CLANG_ENABLE_MODULES = YES;
				CLANG_ENABLE_OBJC_ARC = YES;
				CLANG_WARN_BOOL_CONVERSION = YES;
				CLANG_WARN_CONSTANT_CONVERSION = YES;
				CLANG_WARN_DIRECT_OBJC_ISA_USAGE = YES_ERROR;
				CLANG_WARN_EMPTY_BODY = YES;
				CLANG_WARN_ENUM_CONVERSION = YES;
				CLANG_WARN_INT_CONVERSION = YES;
				CLANG_WARN_OBJC_ROOT_CLASS = YES_ERROR;
				CLANG_WARN_UNREACHABLE_CODE = YES;
				CLANG_WARN__DUPLICATE_METHOD_MATCH = YES;
				"CODE_SIGN_IDENTITY[sdk=iphoneos*]" = "iPhone Developer";
				COPY_PHASE_STRIP = NO;
				CURRENT_PROJECT_VERSION = 1;
				ENABLE_STRICT_OBJC_MSGSEND = YES;
				GCC_C_LANGUAGE_STANDARD = gnu99;
				GCC_DYNAMIC_NO_PIC = NO;
				GCC_OPTIMIZATION_LEVEL = 0;
				GCC_PREPROCESSOR_DEFINITIONS = (
					"DEBUG=1",
					"$(inherited)",
				);
				GCC_SYMBOLS_PRIVATE_EXTERN = NO;
				GCC_WARN_64_TO_32_BIT_CONVERSION = YES;
				GCC_WARN_ABOUT_RETURN_TYPE = YES_ERROR;
				GCC_WARN_UNDECLARED_SELECTOR = YES;
				GCC_WARN_UNINITIALIZED_AUTOS = YES_AGGRESSIVE;
				GCC_WARN_UNUSED_FUNCTION = YES;
				GCC_WARN_UNUSED_VARIABLE = YES;
				IPHONEOS_DEPLOYMENT_TARGET = 8.0;
				MTL_ENABLE_DEBUG_INFO = YES;
				ONLY_ACTIVE_ARCH = YES;
				SDKROOT = iphoneos;
				TARGETED_DEVICE_FAMILY = "1,2";
				VERSIONING_SYSTEM = "apple-generic";
				VERSION_INFO_PREFIX = "";
			};
			name = Debug;
		};
		3C8302A419B9FD450078558B /* Release */ = {
			isa = XCBuildConfiguration;
			buildSettings = {
				ALWAYS_SEARCH_USER_PATHS = NO;
				CLANG_CXX_LANGUAGE_STANDARD = "gnu++0x";
				CLANG_CXX_LIBRARY = "libc++";
				CLANG_ENABLE_MODULES = YES;
				CLANG_ENABLE_OBJC_ARC = YES;
				CLANG_WARN_BOOL_CONVERSION = YES;
				CLANG_WARN_CONSTANT_CONVERSION = YES;
				CLANG_WARN_DIRECT_OBJC_ISA_USAGE = YES_ERROR;
				CLANG_WARN_EMPTY_BODY = YES;
				CLANG_WARN_ENUM_CONVERSION = YES;
				CLANG_WARN_INT_CONVERSION = YES;
				CLANG_WARN_OBJC_ROOT_CLASS = YES_ERROR;
				CLANG_WARN_UNREACHABLE_CODE = YES;
				CLANG_WARN__DUPLICATE_METHOD_MATCH = YES;
				"CODE_SIGN_IDENTITY[sdk=iphoneos*]" = "iPhone Developer";
				COPY_PHASE_STRIP = YES;
				CURRENT_PROJECT_VERSION = 1;
				ENABLE_NS_ASSERTIONS = NO;
				ENABLE_STRICT_OBJC_MSGSEND = YES;
				GCC_C_LANGUAGE_STANDARD = gnu99;
				GCC_WARN_64_TO_32_BIT_CONVERSION = YES;
				GCC_WARN_ABOUT_RETURN_TYPE = YES_ERROR;
				GCC_WARN_UNDECLARED_SELECTOR = YES;
				GCC_WARN_UNINITIALIZED_AUTOS = YES_AGGRESSIVE;
				GCC_WARN_UNUSED_FUNCTION = YES;
				GCC_WARN_UNUSED_VARIABLE = YES;
				IPHONEOS_DEPLOYMENT_TARGET = 8.0;
				MTL_ENABLE_DEBUG_INFO = NO;
				SDKROOT = iphoneos;
				TARGETED_DEVICE_FAMILY = "1,2";
				VALIDATE_PRODUCT = YES;
				VERSIONING_SYSTEM = "apple-generic";
				VERSION_INFO_PREFIX = "";
			};
			name = Release;
		};
		3C8302A619B9FD450078558B /* Debug */ = {
			isa = XCBuildConfiguration;
			buildSettings = {
				DEFINES_MODULE = YES;
				DYLIB_COMPATIBILITY_VERSION = 1;
				DYLIB_CURRENT_VERSION = 1;
				DYLIB_INSTALL_NAME_BASE = "@rpath";
				INFOPLIST_FILE = ColorMapView/Info.plist;
				INSTALL_PATH = "$(LOCAL_LIBRARY_DIR)/Frameworks";
				LD_RUNPATH_SEARCH_PATHS = "$(inherited) @executable_path/Frameworks @loader_path/Frameworks";
				PRODUCT_NAME = "$(TARGET_NAME)";
				SKIP_INSTALL = YES;
			};
			name = Debug;
		};
		3C8302A719B9FD450078558B /* Release */ = {
			isa = XCBuildConfiguration;
			buildSettings = {
				DEFINES_MODULE = YES;
				DYLIB_COMPATIBILITY_VERSION = 1;
				DYLIB_CURRENT_VERSION = 1;
				DYLIB_INSTALL_NAME_BASE = "@rpath";
				INFOPLIST_FILE = ColorMapView/Info.plist;
				INSTALL_PATH = "$(LOCAL_LIBRARY_DIR)/Frameworks";
				LD_RUNPATH_SEARCH_PATHS = "$(inherited) @executable_path/Frameworks @loader_path/Frameworks";
				PRODUCT_NAME = "$(TARGET_NAME)";
				SKIP_INSTALL = YES;
			};
			name = Release;
		};
		3C8302A919B9FD450078558B /* Debug */ = {
			isa = XCBuildConfiguration;
			baseConfigurationReference = 5F273D85F107422540330531 /* Pods-ColorMapViewTests.debug.xcconfig */;
			buildSettings = {
				FRAMEWORK_SEARCH_PATHS = (
					"$(SDKROOT)/Developer/Library/Frameworks",
					"$(inherited)",
				);
				GCC_PREPROCESSOR_DEFINITIONS = (
					"DEBUG=1",
					"$(inherited)",
				);
				INFOPLIST_FILE = ColorMapViewTests/Info.plist;
				LD_RUNPATH_SEARCH_PATHS = "$(inherited) @executable_path/Frameworks @loader_path/Frameworks";
				PRODUCT_NAME = "$(TARGET_NAME)";
			};
			name = Debug;
		};
		3C8302AA19B9FD450078558B /* Release */ = {
			isa = XCBuildConfiguration;
			baseConfigurationReference = 1D9B085103D8948ED47F4263 /* Pods-ColorMapViewTests.release.xcconfig */;
			buildSettings = {
				FRAMEWORK_SEARCH_PATHS = (
					"$(SDKROOT)/Developer/Library/Frameworks",
					"$(inherited)",
				);
				INFOPLIST_FILE = ColorMapViewTests/Info.plist;
				LD_RUNPATH_SEARCH_PATHS = "$(inherited) @executable_path/Frameworks @loader_path/Frameworks";
				PRODUCT_NAME = "$(TARGET_NAME)";
			};
			name = Release;
		};
		3C8302D619B9FEEB0078558B /* Debug */ = {
			isa = XCBuildConfiguration;
			buildSettings = {
				ASSETCATALOG_COMPILER_APPICON_NAME = AppIcon;
				ASSETCATALOG_COMPILER_LAUNCHIMAGE_NAME = LaunchImage;
				GCC_PREPROCESSOR_DEFINITIONS = (
					"DEBUG=1",
					"$(inherited)",
				);
				INFOPLIST_FILE = ColorMapExample/Info.plist;
				LD_RUNPATH_SEARCH_PATHS = "$(inherited) @executable_path/Frameworks";
				PRODUCT_NAME = "$(TARGET_NAME)";
			};
			name = Debug;
		};
		3C8302D719B9FEEB0078558B /* Release */ = {
			isa = XCBuildConfiguration;
			buildSettings = {
				ASSETCATALOG_COMPILER_APPICON_NAME = AppIcon;
				ASSETCATALOG_COMPILER_LAUNCHIMAGE_NAME = LaunchImage;
				INFOPLIST_FILE = ColorMapExample/Info.plist;
				LD_RUNPATH_SEARCH_PATHS = "$(inherited) @executable_path/Frameworks";
				PRODUCT_NAME = "$(TARGET_NAME)";
			};
			name = Release;
		};
/* End XCBuildConfiguration section */

/* Begin XCConfigurationList section */
		3C83028C19B9FD450078558B /* Build configuration list for PBXProject "ColorMapView" */ = {
			isa = XCConfigurationList;
			buildConfigurations = (
				3C8302A319B9FD450078558B /* Debug */,
				3C8302A419B9FD450078558B /* Release */,
			);
			defaultConfigurationIsVisible = 0;
			defaultConfigurationName = Release;
		};
		3C8302A519B9FD450078558B /* Build configuration list for PBXNativeTarget "ColorMapView" */ = {
			isa = XCConfigurationList;
			buildConfigurations = (
				3C8302A619B9FD450078558B /* Debug */,
				3C8302A719B9FD450078558B /* Release */,
			);
			defaultConfigurationIsVisible = 0;
			defaultConfigurationName = Release;
		};
		3C8302A819B9FD450078558B /* Build configuration list for PBXNativeTarget "ColorMapViewTests" */ = {
			isa = XCConfigurationList;
			buildConfigurations = (
				3C8302A919B9FD450078558B /* Debug */,
				3C8302AA19B9FD450078558B /* Release */,
			);
			defaultConfigurationIsVisible = 0;
			defaultConfigurationName = Release;
		};
		3C8302D519B9FEEB0078558B /* Build configuration list for PBXNativeTarget "ColorMapExample" */ = {
			isa = XCConfigurationList;
			buildConfigurations = (
				3C8302D619B9FEEB0078558B /* Debug */,
				3C8302D719B9FEEB0078558B /* Release */,
			);
			defaultConfigurationIsVisible = 0;
			defaultConfigurationName = Release;
		};
/* End XCConfigurationList section */
	};
	rootObject = 3C83028919B9FD450078558B /* Project object */;
}
